Microsoft Visual Studio Solution File, Format Version 12.00
# Visual Studio 2012
Project("{FAE04EC0-301F-11D3-BF4B-00C04F79EFBC}") = "cosmobot", "cosmobot.csproj", "{5B6E90C3-8355-4A87-BFF5-F333F75E800A}"
EndProject
Global
	GlobalSection(SolutionConfigurationPlatforms) = preSolution
	Debug|Any CPU = Debug|Any CPU
	ExportDebug|Any CPU = ExportDebug|Any CPU
	ExportRelease|Any CPU = ExportRelease|Any CPU
	EndGlobalSection
	GlobalSection(ProjectConfigurationPlatforms) = postSolution
		{5B6E90C3-8355-4A87-BFF5-F333F75E800A}.Debug|Any CPU.ActiveCfg = Debug|Any CPU
		{5B6E90C3-8355-4A87-BFF5-F333F75E800A}.Debug|Any CPU.Build.0 = Debug|Any CPU
		{5B6E90C3-8355-4A87-BFF5-F333F75E800A}.ExportDebug|Any CPU.ActiveCfg = ExportDebug|Any CPU
		{5B6E90C3-8355-4A87-BFF5-F333F75E800A}.ExportDebug|Any CPU.Build.0 = ExportDebug|Any CPU
		{5B6E90C3-8355-4A87-BFF5-F333F75E800A}.ExportRelease|Any CPU.ActiveCfg = ExportRelease|Any CPU
		{5B6E90C3-8355-4A87-BFF5-F333F75E800A}.ExportRelease|Any CPU.Build.0 = ExportRelease|Any CPU
	EndGlobalSection
EndGlobal
